
Microsoft Visual Studio Solution File, Format Version 12.00
# Visual Studio Version 17
VisualStudioVersion = 17.14.36109.1
MinimumVisualStudioVersion = 10.0.40219.1
Project("{FAE04EC0-301F-11D3-BF4B-00C04F79EFBC}") = "PPC.Repository", "PPC.Repository\PPC.Repository.csproj", "{9E7EB891-B914-4F4C-9AE8-598547B8D307}"
EndProject
Project("{FAE04EC0-301F-11D3-BF4B-00C04F79EFBC}") = "PPC.Service", "PPC.Service\PPC.Service.csproj", "{8582EBC4-D225-42B9-96BA-46EBF213D994}"
EndProject
Project("{FAE04EC0-301F-11D3-BF4B-00C04F79EFBC}") = "PPC.Controller", "PPC.Controller\PPC.Controller.csproj", "{8E6B04B0-8B9F-40CA-9B61-D3CEF38D2E11}"
EndProject
Project("{FAE04EC0-301F-11D3-BF4B-00C04F79EFBC}") = "PPC.DAO", "PPC.DAO\PPC.DAO.csproj", "{CE8F0D16-18F3-45ED-BD15-65DE7B5AFF0E}"
EndProject
Global
	GlobalSection(SolutionConfigurationPlatforms) = preSolution
		Debug|Any CPU = Debug|Any CPU
		Release|Any CPU = Release|Any CPU
	EndGlobalSection
	GlobalSection(ProjectConfigurationPlatforms) = postSolution
		{9E7EB891-B914-4F4C-9AE8-598547B8D307}.Debug|Any CPU.ActiveCfg = Debug|Any CPU
		{9E7EB891-B914-4F4C-9AE8-598547B8D307}.Debug|Any CPU.Build.0 = Debug|Any CPU
		{9E7EB891-B914-4F4C-9AE8-598547B8D307}.Release|Any CPU.ActiveCfg = Release|Any CPU
		{9E7EB891-B914-4F4C-9AE8-598547B8D307}.Release|Any CPU.Build.0 = Release|Any CPU
		{8582EBC4-D225-42B9-96BA-46EBF213D994}.Debug|Any CPU.ActiveCfg = Debug|Any CPU
		{8582EBC4-D225-42B9-96BA-46EBF213D994}.Debug|Any CPU.Build.0 = Debug|Any CPU
		{8582EBC4-D225-42B9-96BA-46EBF213D994}.Release|Any CPU.ActiveCfg = Release|Any CPU
		{8582EBC4-D225-42B9-96BA-46EBF213D994}.Release|Any CPU.Build.0 = Release|Any CPU
		{8E6B04B0-8B9F-40CA-9B61-D3CEF38D2E11}.Debug|Any CPU.ActiveCfg = Debug|Any CPU
		{8E6B04B0-8B9F-40CA-9B61-D3CEF38D2E11}.Debug|Any CPU.Build.0 = Debug|Any CPU
		{8E6B04B0-8B9F-40CA-9B61-D3CEF38D2E11}.Release|Any CPU.ActiveCfg = Release|Any CPU
		{8E6B04B0-8B9F-40CA-9B61-D3CEF38D2E11}.Release|Any CPU.Build.0 = Release|Any CPU
		{CE8F0D16-18F3-45ED-BD15-65DE7B5AFF0E}.Debug|Any CPU.ActiveCfg = Debug|Any CPU
		{CE8F0D16-18F3-45ED-BD15-65DE7B5AFF0E}.Debug|Any CPU.Build.0 = Debug|Any CPU
		{CE8F0D16-18F3-45ED-BD15-65DE7B5AFF0E}.Release|Any CPU.ActiveCfg = Release|Any CPU
		{CE8F0D16-18F3-45ED-BD15-65DE7B5AFF0E}.Release|Any CPU.Build.0 = Release|Any CPU
	EndGlobalSection
	GlobalSection(SolutionProperties) = preSolution
		HideSolutionNode = FALSE
	EndGlobalSection
	GlobalSection(ExtensibilityGlobals) = postSolution
		SolutionGuid = {26BF69C9-6964-4B4B-BE23-0FD15574C466}
	EndGlobalSection
EndGlobal
